
Microsoft Visual Studio Solution File, Format Version 12.00
# Visual Studio Version 17
VisualStudioVersion = 17.2.32602.215
MinimumVisualStudioVersion = 10.0.40219.1
Project("{9A19103F-16F7-4668-BE54-9A1E7A4F7556}") = "BlazorFullStackCrud.Server", "BlazorFullStackCrud\Server\BlazorFullStackCrud.Server.csproj", "{C1B6FE6B-7F7D-40D3-9087-58D0996F394E}"
EndProject
Project("{9A19103F-16F7-4668-BE54-9A1E7A4F7556}") = "BlazorFullStackCrud.Client", "BlazorFullStackCrud\Client\BlazorFullStackCrud.Client.csproj", "{605AD999-2E0F-460D-BEFC-91E2D20F9C82}"
EndProject
Project("{9A19103F-16F7-4668-BE54-9A1E7A4F7556}") = "BlazorFullStackCrud.Shared", "BlazorFullStackCrud\Shared\BlazorFullStackCrud.Shared.csproj", "{664B462C-442E-4478-81E0-D630137C0A18}"
EndProject
Global
	GlobalSection(SolutionConfigurationPlatforms) = preSolution
		Debug|Any CPU = Debug|Any CPU
		Release|Any CPU = Release|Any CPU
	EndGlobalSection
	GlobalSection(ProjectConfigurationPlatforms) = postSolution
		{C1B6FE6B-7F7D-40D3-9087-58D0996F394E}.Debug|Any CPU.ActiveCfg = Debug|Any CPU
		{C1B6FE6B-7F7D-40D3-9087-58D0996F394E}.Debug|Any CPU.Build.0 = Debug|Any CPU
		{C1B6FE6B-7F7D-40D3-9087-58D0996F394E}.Release|Any CPU.ActiveCfg = Release|Any CPU
		{C1B6FE6B-7F7D-40D3-9087-58D0996F394E}.Release|Any CPU.Build.0 = Release|Any CPU
		{605AD999-2E0F-460D-BEFC-91E2D20F9C82}.Debug|Any CPU.ActiveCfg = Debug|Any CPU
		{605AD999-2E0F-460D-BEFC-91E2D20F9C82}.Debug|Any CPU.Build.0 = Debug|Any CPU
		{605AD999-2E0F-460D-BEFC-91E2D20F9C82}.Release|Any CPU.ActiveCfg = Release|Any CPU
		{605AD999-2E0F-460D-BEFC-91E2D20F9C82}.Release|Any CPU.Build.0 = Release|Any CPU
		{664B462C-442E-4478-81E0-D630137C0A18}.Debug|Any CPU.ActiveCfg = Debug|Any CPU
		{664B462C-442E-4478-81E0-D630137C0A18}.Debug|Any CPU.Build.0 = Debug|Any CPU
		{664B462C-442E-4478-81E0-D630137C0A18}.Release|Any CPU.ActiveCfg = Release|Any CPU
		{664B462C-442E-4478-81E0-D630137C0A18}.Release|Any CPU.Build.0 = Release|Any CPU
	EndGlobalSection
	GlobalSection(SolutionProperties) = preSolution
		HideSolutionNode = FALSE
	EndGlobalSection
	GlobalSection(ExtensibilityGlobals) = postSolution
		SolutionGuid = {A9E05E6B-EE37-4CC3-8551-429A908EA957}
	EndGlobalSection
EndGlobal
